
Microsoft Visual Studio Solution File, Format Version 12.00
# Visual Studio Version 17
VisualStudioVersion = 17.11.35208.52
MinimumVisualStudioVersion = 10.0.40219.1
Project("{FAE04EC0-301F-11D3-BF4B-00C04F79EFBC}") = "FigureArea", "FigureArea\FigureArea.csproj", "{CE52BBB2-F2A8-4477-9E9E-467908D367C2}"
EndProject
Global
	GlobalSection(SolutionConfigurationPlatforms) = preSolution
		Debug|Any CPU = Debug|Any CPU
		Release|Any CPU = Release|Any CPU
	EndGlobalSection
	GlobalSection(ProjectConfigurationPlatforms) = postSolution
		{CE52BBB2-F2A8-4477-9E9E-467908D367C2}.Debug|Any CPU.ActiveCfg = Debug|Any CPU
		{CE52BBB2-F2A8-4477-9E9E-467908D367C2}.Debug|Any CPU.Build.0 = Debug|Any CPU
		{CE52BBB2-F2A8-4477-9E9E-467908D367C2}.Release|Any CPU.ActiveCfg = Release|Any CPU
		{CE52BBB2-F2A8-4477-9E9E-467908D367C2}.Release|Any CPU.Build.0 = Release|Any CPU
	EndGlobalSection
	GlobalSection(SolutionProperties) = preSolution
		HideSolutionNode = FALSE
	EndGlobalSection
	GlobalSection(ExtensibilityGlobals) = postSolution
		SolutionGuid = {14076EE8-C17C-4DDC-A7AC-E69852DC438C}
	EndGlobalSection
EndGlobal
